
Microsoft Visual Studio Solution File, Format Version 12.00
# Visual Studio Version 17
VisualStudioVersion = 17.0.32014.148
MinimumVisualStudioVersion = 10.0.40219.1
Project("{FAE04EC0-301F-11D3-BF4B-00C04F79EFBC}") = "WordToPdf", "WordToPdf\WordToPdf.csproj", "{297C353D-CD40-4E15-A2B4-9FB3BECB1F6E}"
EndProject
Global
	GlobalSection(SolutionConfigurationPlatforms) = preSolution
		Debug|Any CPU = Debug|Any CPU
		Release|Any CPU = Release|Any CPU
	EndGlobalSection
	GlobalSection(ProjectConfigurationPlatforms) = postSolution
		{297C353D-CD40-4E15-A2B4-9FB3BECB1F6E}.Debug|Any CPU.ActiveCfg = Debug|Any CPU
		{297C353D-CD40-4E15-A2B4-9FB3BECB1F6E}.Debug|Any CPU.Build.0 = Debug|Any CPU
		{297C353D-CD40-4E15-A2B4-9FB3BECB1F6E}.Release|Any CPU.ActiveCfg = Release|Any CPU
		{297C353D-CD40-4E15-A2B4-9FB3BECB1F6E}.Release|Any CPU.Build.0 = Release|Any CPU
	EndGlobalSection
	GlobalSection(SolutionProperties) = preSolution
		HideSolutionNode = FALSE
	EndGlobalSection
	GlobalSection(ExtensibilityGlobals) = postSolution
		SolutionGuid = {60A3C17C-BDF7-4315-AEFF-1DD10FBB17F0}
	EndGlobalSection
EndGlobal
